
Microsoft Visual Studio Solution File, Format Version 12.00
# Visual Studio Version 17
VisualStudioVersion = 17.7.34031.279
MinimumVisualStudioVersion = 10.0.40219.1
Project("{FAE04EC0-301F-11D3-BF4B-00C04F79EFBC}") = "DiseaseSpreadCSCI2210", "DiseaseSpreadCSCI2210\DiseaseSpreadCSCI2210.csproj", "{87765D12-6918-42FA-94CF-504D6A345A71}"
EndProject
Global
	GlobalSection(SolutionConfigurationPlatforms) = preSolution
		Debug|Any CPU = Debug|Any CPU
		Release|Any CPU = Release|Any CPU
	EndGlobalSection
	GlobalSection(ProjectConfigurationPlatforms) = postSolution
		{87765D12-6918-42FA-94CF-504D6A345A71}.Debug|Any CPU.ActiveCfg = Debug|Any CPU
		{87765D12-6918-42FA-94CF-504D6A345A71}.Debug|Any CPU.Build.0 = Debug|Any CPU
		{87765D12-6918-42FA-94CF-504D6A345A71}.Release|Any CPU.ActiveCfg = Release|Any CPU
		{87765D12-6918-42FA-94CF-504D6A345A71}.Release|Any CPU.Build.0 = Release|Any CPU
	EndGlobalSection
	GlobalSection(SolutionProperties) = preSolution
		HideSolutionNode = FALSE
	EndGlobalSection
	GlobalSection(ExtensibilityGlobals) = postSolution
		SolutionGuid = {B83FF80D-A1E0-41EB-87EE-72D14FB0AE8C}
	EndGlobalSection
EndGlobal
